
Microsoft Visual Studio Solution File, Format Version 12.00
# Visual Studio 15
VisualStudioVersion = 15.0.27004.2002
MinimumVisualStudioVersion = 10.0.40219.1
Project("{FAE04EC0-301F-11D3-BF4B-00C04F79EFBC}") = "EventsDelegatesAndLambda", "EventsDelegatesAndLambda\EventsDelegatesAndLambda.csproj", "{F0EAC9BB-504F-4035-97E0-B873F1FA0797}"
EndProject
Project("{FAE04EC0-301F-11D3-BF4B-00C04F79EFBC}") = "BasicWindowsEvents", "BasicWindowsEvents\BasicWindowsEvents.csproj", "{3D022145-06A6-4F9A-8C80-F1ADD6640577}"
EndProject
Project("{2150E333-8FDC-42A3-9474-1A3956D46DE8}") = "Solution Items", "Solution Items", "{3062324C-7D62-4B7B-A905-2ECEF01FD96B}"
	ProjectSection(SolutionItems) = preProject
		Module-1 ReadMe.txt = Module-1 ReadMe.txt
		C:\Users\Mohamed Magdy\Desktop\ReadMe.docx = C:\Users\Mohamed Magdy\Desktop\ReadMe.docx
	EndProjectSection
EndProject
Project("{FAE04EC0-301F-11D3-BF4B-00C04F79EFBC}") = "ConsoleApp1", "ConsoleApp1\ConsoleApp1.csproj", "{856FF236-871C-4F09-A515-533FCBE85AAC}"
EndProject
Project("{FAE04EC0-301F-11D3-BF4B-00C04F79EFBC}") = "CommunicationBetweenControls", "CommunicationBetweenControls\CommunicationBetweenControls.csproj", "{0A686C4D-F942-4133-9CC9-BEF43220A2FA}"
EndProject
Global
	GlobalSection(SolutionConfigurationPlatforms) = preSolution
		Debug|Any CPU = Debug|Any CPU
		Release|Any CPU = Release|Any CPU
	EndGlobalSection
	GlobalSection(ProjectConfigurationPlatforms) = postSolution
		{F0EAC9BB-504F-4035-97E0-B873F1FA0797}.Debug|Any CPU.ActiveCfg = Debug|Any CPU
		{F0EAC9BB-504F-4035-97E0-B873F1FA0797}.Debug|Any CPU.Build.0 = Debug|Any CPU
		{F0EAC9BB-504F-4035-97E0-B873F1FA0797}.Release|Any CPU.ActiveCfg = Release|Any CPU
		{F0EAC9BB-504F-4035-97E0-B873F1FA0797}.Release|Any CPU.Build.0 = Release|Any CPU
		{3D022145-06A6-4F9A-8C80-F1ADD6640577}.Debug|Any CPU.ActiveCfg = Debug|Any CPU
		{3D022145-06A6-4F9A-8C80-F1ADD6640577}.Debug|Any CPU.Build.0 = Debug|Any CPU
		{3D022145-06A6-4F9A-8C80-F1ADD6640577}.Release|Any CPU.ActiveCfg = Release|Any CPU
		{3D022145-06A6-4F9A-8C80-F1ADD6640577}.Release|Any CPU.Build.0 = Release|Any CPU
		{856FF236-871C-4F09-A515-533FCBE85AAC}.Debug|Any CPU.ActiveCfg = Debug|Any CPU
		{856FF236-871C-4F09-A515-533FCBE85AAC}.Debug|Any CPU.Build.0 = Debug|Any CPU
		{856FF236-871C-4F09-A515-533FCBE85AAC}.Release|Any CPU.ActiveCfg = Release|Any CPU
		{856FF236-871C-4F09-A515-533FCBE85AAC}.Release|Any CPU.Build.0 = Release|Any CPU
		{0A686C4D-F942-4133-9CC9-BEF43220A2FA}.Debug|Any CPU.ActiveCfg = Debug|Any CPU
		{0A686C4D-F942-4133-9CC9-BEF43220A2FA}.Debug|Any CPU.Build.0 = Debug|Any CPU
		{0A686C4D-F942-4133-9CC9-BEF43220A2FA}.Release|Any CPU.ActiveCfg = Release|Any CPU
		{0A686C4D-F942-4133-9CC9-BEF43220A2FA}.Release|Any CPU.Build.0 = Release|Any CPU
	EndGlobalSection
	GlobalSection(SolutionProperties) = preSolution
		HideSolutionNode = FALSE
	EndGlobalSection
	GlobalSection(ExtensibilityGlobals) = postSolution
		SolutionGuid = {E8C72967-A2B3-4E2B-9EAE-451BAD85DBC4}
	EndGlobalSection
EndGlobal
